Microsoft Visual Studio Solution File, Format Version 12.00
# Visual Studio Version 17
VisualStudioVersion = 17.5.2.0
MinimumVisualStudioVersion = 10.0.40219.1
Project("{FAE04EC0-301F-11D3-BF4B-00C04F79EFBC}") = "DatabaseEditorCheck", "DatabaseEditorCheck\DatabaseEditorCheck.csproj", "{E271A25B-D197-9932-94C6-435FD5BEC4C8}"
EndProject
Global
	GlobalSection(SolutionConfigurationPlatforms) = preSolution
		Debug|Any CPU = Debug|Any CPU
		Release|Any CPU = Release|Any CPU
	EndGlobalSection
	GlobalSection(ProjectConfigurationPlatforms) = postSolution
		{E271A25B-D197-9932-94C6-435FD5BEC4C8}.Debug|Any CPU.ActiveCfg = Debug|Any CPU
		{E271A25B-D197-9932-94C6-435FD5BEC4C8}.Debug|Any CPU.Build.0 = Debug|Any CPU
		{E271A25B-D197-9932-94C6-435FD5BEC4C8}.Release|Any CPU.ActiveCfg = Release|Any CPU
		{E271A25B-D197-9932-94C6-435FD5BEC4C8}.Release|Any CPU.Build.0 = Release|Any CPU
	EndGlobalSection
	GlobalSection(SolutionProperties) = preSolution
		HideSolutionNode = FALSE
	EndGlobalSection
	GlobalSection(ExtensibilityGlobals) = postSolution
		SolutionGuid = {17F3D822-E70E-447A-9CC1-0633C795D15C}
	EndGlobalSection
EndGlobal
