Microsoft Visual Studio Solution File, Format Version 12.00
# Visual Studio Version 17
VisualStudioVersion = 17.5.2.0
MinimumVisualStudioVersion = 10.0.40219.1
Project("{FAE04EC0-301F-11D3-BF4B-00C04F79EFBC}") = "LiteDBProject", "LiteDBProject\LiteDBProject.csproj", "{2A0F4224-9AC6-A93B-0533-5006AEAD6911}"
EndProject
Project("{FAE04EC0-301F-11D3-BF4B-00C04F79EFBC}") = "SQLiteProject", "SQLiteProject\SQLiteProject.csproj", "{74CABEE4-25AC-CAEA-59B5-91CD5A34D5EE}"
EndProject
Global
	GlobalSection(SolutionConfigurationPlatforms) = preSolution
		Debug|Any CPU = Debug|Any CPU
		Release|Any CPU = Release|Any CPU
	EndGlobalSection
	GlobalSection(ProjectConfigurationPlatforms) = postSolution
		{2A0F4224-9AC6-A93B-0533-5006AEAD6911}.Debug|Any CPU.ActiveCfg = Debug|Any CPU
		{2A0F4224-9AC6-A93B-0533-5006AEAD6911}.Debug|Any CPU.Build.0 = Debug|Any CPU
		{2A0F4224-9AC6-A93B-0533-5006AEAD6911}.Release|Any CPU.ActiveCfg = Release|Any CPU
		{2A0F4224-9AC6-A93B-0533-5006AEAD6911}.Release|Any CPU.Build.0 = Release|Any CPU
		{74CABEE4-25AC-CAEA-59B5-91CD5A34D5EE}.Debug|Any CPU.ActiveCfg = Debug|Any CPU
		{74CABEE4-25AC-CAEA-59B5-91CD5A34D5EE}.Debug|Any CPU.Build.0 = Debug|Any CPU
		{74CABEE4-25AC-CAEA-59B5-91CD5A34D5EE}.Release|Any CPU.ActiveCfg = Release|Any CPU
		{74CABEE4-25AC-CAEA-59B5-91CD5A34D5EE}.Release|Any CPU.Build.0 = Release|Any CPU
	EndGlobalSection
	GlobalSection(SolutionProperties) = preSolution
		HideSolutionNode = FALSE
	EndGlobalSection
	GlobalSection(ExtensibilityGlobals) = postSolution
		SolutionGuid = {06CD0614-77AA-4BE5-8F47-D88EC68CCCFA}
	EndGlobalSection
EndGlobal
