Microsoft Visual Studio Solution File, Format Version 12.00
# Visual Studio Version 17
VisualStudioVersion = 17.5.2.0
MinimumVisualStudioVersion = 10.0.40219.1
Project("{FAE04EC0-301F-11D3-BF4B-00C04F79EFBC}") = "DatabaseEditorCheck", "DatabaseEditorCheck.csproj", "{818FBDC7-FAF3-816B-80AC-5D78AD0996FF}"
EndProject
Global
	GlobalSection(SolutionConfigurationPlatforms) = preSolution
		Debug|Any CPU = Debug|Any CPU
		Release|Any CPU = Release|Any CPU
	EndGlobalSection
	GlobalSection(ProjectConfigurationPlatforms) = postSolution
		{818FBDC7-FAF3-816B-80AC-5D78AD0996FF}.Debug|Any CPU.ActiveCfg = Debug|Any CPU
		{818FBDC7-FAF3-816B-80AC-5D78AD0996FF}.Debug|Any CPU.Build.0 = Debug|Any CPU
		{818FBDC7-FAF3-816B-80AC-5D78AD0996FF}.Release|Any CPU.ActiveCfg = Release|Any CPU
		{818FBDC7-FAF3-816B-80AC-5D78AD0996FF}.Release|Any CPU.Build.0 = Release|Any CPU
	EndGlobalSection
	GlobalSection(SolutionProperties) = preSolution
		HideSolutionNode = FALSE
	EndGlobalSection
	GlobalSection(ExtensibilityGlobals) = postSolution
		SolutionGuid = {17EA1457-869D-4895-AA79-01F65D59623F}
	EndGlobalSection
EndGlobal
